Microsoft Visual Studio Solution File, Format Version 12.00
# Visual Studio Version 17
VisualStudioVersion = 17.2.32210.308
MinimumVisualStudioVersion = 15.0.26124.0

Project("{9A19103F-16F7-4668-BE54-9A1E7A4F7556}") = "DataShark", "DataShark\DataShark.csproj", "{125FC7CD-C630-4B61-A73F-F81EBF774802}"
EndProject

Project("{2150E333-8FDC-42A3-9474-1A3956D46DE8}") = "Solution Items", "Solution Items", "{BADA71DC-7FFD-4EDC-9F28-FB74AEADC713}"
	ProjectSection(SolutionItems) = preProject
		.editorconfig = .editorconfig
		.gitignore = .gitignore
		.vsconfig = .vsconfig
		Directory.Build.props = Directory.Build.props
		Directory.Build.targets = Directory.Build.targets
		Directory.Packages.props = Directory.Packages.props
		global.json = global.json
	EndProjectSection
EndProject
Project("{FAE04EC0-301F-11D3-BF4B-00C04F79EFBC}") = "DataShark.DataGen", "DataShark.DataGen\DataShark.DataGen.csproj", "{10997E9D-0B88-40E1-8CF5-64A9029D3C77}"
EndProject
Project("{FAE04EC0-301F-11D3-BF4B-00C04F79EFBC}") = "DataShark.DataGet.UnitTests", "DataShark.DataGet.UnitTests\DataShark.DataGet.UnitTests.csproj", "{321B6235-4716-49DA-BC88-BECE4E3B9A51}"
EndProject
Global
	GlobalSection(SolutionConfigurationPlatforms) = preSolution
		Debug|Any CPU = Debug|Any CPU
		Debug|ARM = Debug|ARM
		Debug|ARM64 = Debug|ARM64
		Debug|iPhone = Debug|iPhone
		Debug|iPhoneSimulator = Debug|iPhoneSimulator
		Debug|x64 = Debug|x64
		Debug|x86 = Debug|x86
		Release|Any CPU = Release|Any CPU
		Release|ARM = Release|ARM
		Release|ARM64 = Release|ARM64
		Release|iPhone = Release|iPhone
		Release|iPhoneSimulator = Release|iPhoneSimulator
		Release|x64 = Release|x64
		Release|x86 = Release|x86
	EndGlobalSection
	GlobalSection(ProjectConfigurationPlatforms) = postSolution
		{125FC7CD-C630-4B61-A73F-F81EBF774802}.Debug|Any CPU.ActiveCfg = Debug|Any CPU
		{125FC7CD-C630-4B61-A73F-F81EBF774802}.Debug|Any CPU.Build.0 = Debug|Any CPU
		{125FC7CD-C630-4B61-A73F-F81EBF774802}.Debug|Any CPU.Deploy.0 = Debug|Any CPU
		{125FC7CD-C630-4B61-A73F-F81EBF774802}.Debug|ARM.ActiveCfg = Debug|Any CPU
		{125FC7CD-C630-4B61-A73F-F81EBF774802}.Debug|ARM.Build.0 = Debug|Any CPU
		{125FC7CD-C630-4B61-A73F-F81EBF774802}.Debug|ARM.Deploy.0 = Debug|Any CPU
		{125FC7CD-C630-4B61-A73F-F81EBF774802}.Debug|ARM64.ActiveCfg = Debug|Any CPU
		{125FC7CD-C630-4B61-A73F-F81EBF774802}.Debug|ARM64.Build.0 = Debug|Any CPU
		{125FC7CD-C630-4B61-A73F-F81EBF774802}.Debug|ARM64.Deploy.0 = Debug|Any CPU
		{125FC7CD-C630-4B61-A73F-F81EBF774802}.Debug|iPhone.ActiveCfg = Debug|Any CPU
		{125FC7CD-C630-4B61-A73F-F81EBF774802}.Debug|iPhone.Build.0 = Debug|Any CPU
		{125FC7CD-C630-4B61-A73F-F81EBF774802}.Debug|iPhone.Deploy.0 = Debug|Any CPU
		{125FC7CD-C630-4B61-A73F-F81EBF774802}.Debug|iPhoneSimulator.ActiveCfg = Debug|Any CPU
		{125FC7CD-C630-4B61-A73F-F81EBF774802}.Debug|iPhoneSimulator.Build.0 = Debug|Any CPU
		{125FC7CD-C630-4B61-A73F-F81EBF774802}.Debug|iPhoneSimulator.Deploy.0 = Debug|Any CPU
		{125FC7CD-C630-4B61-A73F-F81EBF774802}.Debug|x64.ActiveCfg = Debug|Any CPU
		{125FC7CD-C630-4B61-A73F-F81EBF774802}.Debug|x64.Build.0 = Debug|Any CPU
		{125FC7CD-C630-4B61-A73F-F81EBF774802}.Debug|x64.Deploy.0 = Debug|Any CPU
		{125FC7CD-C630-4B61-A73F-F81EBF774802}.Debug|x86.ActiveCfg = Debug|Any CPU
		{125FC7CD-C630-4B61-A73F-F81EBF774802}.Debug|x86.Build.0 = Debug|Any CPU
		{125FC7CD-C630-4B61-A73F-F81EBF774802}.Debug|x86.Deploy.0 = Debug|Any CPU
		{125FC7CD-C630-4B61-A73F-F81EBF774802}.Release|Any CPU.ActiveCfg = Release|Any CPU
		{125FC7CD-C630-4B61-A73F-F81EBF774802}.Release|Any CPU.Build.0 = Release|Any CPU
		{125FC7CD-C630-4B61-A73F-F81EBF774802}.Release|Any CPU.Deploy.0 = Release|Any CPU
		{125FC7CD-C630-4B61-A73F-F81EBF774802}.Release|ARM.ActiveCfg = Release|Any CPU
		{125FC7CD-C630-4B61-A73F-F81EBF774802}.Release|ARM.Build.0 = Release|Any CPU
		{125FC7CD-C630-4B61-A73F-F81EBF774802}.Release|ARM.Deploy.0 = Release|Any CPU
		{125FC7CD-C630-4B61-A73F-F81EBF774802}.Release|ARM64.ActiveCfg = Release|Any CPU
		{125FC7CD-C630-4B61-A73F-F81EBF774802}.Release|ARM64.Build.0 = Release|Any CPU
		{125FC7CD-C630-4B61-A73F-F81EBF774802}.Release|ARM64.Deploy.0 = Release|Any CPU
		{125FC7CD-C630-4B61-A73F-F81EBF774802}.Release|iPhone.ActiveCfg = Release|Any CPU
		{125FC7CD-C630-4B61-A73F-F81EBF774802}.Release|iPhone.Build.0 = Release|Any CPU
		{125FC7CD-C630-4B61-A73F-F81EBF774802}.Release|iPhone.Deploy.0 = Release|Any CPU
		{125FC7CD-C630-4B61-A73F-F81EBF774802}.Release|iPhoneSimulator.ActiveCfg = Release|Any CPU
		{125FC7CD-C630-4B61-A73F-F81EBF774802}.Release|iPhoneSimulator.Build.0 = Release|Any CPU
		{125FC7CD-C630-4B61-A73F-F81EBF774802}.Release|iPhoneSimulator.Deploy.0 = Release|Any CPU
		{125FC7CD-C630-4B61-A73F-F81EBF774802}.Release|x64.ActiveCfg = Release|Any CPU
		{125FC7CD-C630-4B61-A73F-F81EBF774802}.Release|x64.Build.0 = Release|Any CPU
		{125FC7CD-C630-4B61-A73F-F81EBF774802}.Release|x64.Deploy.0 = Release|Any CPU
		{125FC7CD-C630-4B61-A73F-F81EBF774802}.Release|x86.ActiveCfg = Release|Any CPU
		{125FC7CD-C630-4B61-A73F-F81EBF774802}.Release|x86.Build.0 = Release|Any CPU
		{125FC7CD-C630-4B61-A73F-F81EBF774802}.Release|x86.Deploy.0 = Release|Any CPU
		{10997E9D-0B88-40E1-8CF5-64A9029D3C77}.Debug|Any CPU.ActiveCfg = Debug|Any CPU
		{10997E9D-0B88-40E1-8CF5-64A9029D3C77}.Debug|Any CPU.Build.0 = Debug|Any CPU
		{10997E9D-0B88-40E1-8CF5-64A9029D3C77}.Debug|ARM.ActiveCfg = Debug|Any CPU
		{10997E9D-0B88-40E1-8CF5-64A9029D3C77}.Debug|ARM.Build.0 = Debug|Any CPU
		{10997E9D-0B88-40E1-8CF5-64A9029D3C77}.Debug|ARM64.ActiveCfg = Debug|Any CPU
		{10997E9D-0B88-40E1-8CF5-64A9029D3C77}.Debug|ARM64.Build.0 = Debug|Any CPU
		{10997E9D-0B88-40E1-8CF5-64A9029D3C77}.Debug|iPhone.ActiveCfg = Debug|Any CPU
		{10997E9D-0B88-40E1-8CF5-64A9029D3C77}.Debug|iPhone.Build.0 = Debug|Any CPU
		{10997E9D-0B88-40E1-8CF5-64A9029D3C77}.Debug|iPhoneSimulator.ActiveCfg = Debug|Any CPU
		{10997E9D-0B88-40E1-8CF5-64A9029D3C77}.Debug|iPhoneSimulator.Build.0 = Debug|Any CPU
		{10997E9D-0B88-40E1-8CF5-64A9029D3C77}.Debug|x64.ActiveCfg = Debug|Any CPU
		{10997E9D-0B88-40E1-8CF5-64A9029D3C77}.Debug|x64.Build.0 = Debug|Any CPU
		{10997E9D-0B88-40E1-8CF5-64A9029D3C77}.Debug|x86.ActiveCfg = Debug|Any CPU
		{10997E9D-0B88-40E1-8CF5-64A9029D3C77}.Debug|x86.Build.0 = Debug|Any CPU
		{10997E9D-0B88-40E1-8CF5-64A9029D3C77}.Release|Any CPU.ActiveCfg = Release|Any CPU
		{10997E9D-0B88-40E1-8CF5-64A9029D3C77}.Release|Any CPU.Build.0 = Release|Any CPU
		{10997E9D-0B88-40E1-8CF5-64A9029D3C77}.Release|ARM.ActiveCfg = Release|Any CPU
		{10997E9D-0B88-40E1-8CF5-64A9029D3C77}.Release|ARM.Build.0 = Release|Any CPU
		{10997E9D-0B88-40E1-8CF5-64A9029D3C77}.Release|ARM64.ActiveCfg = Release|Any CPU
		{10997E9D-0B88-40E1-8CF5-64A9029D3C77}.Release|ARM64.Build.0 = Release|Any CPU
		{10997E9D-0B88-40E1-8CF5-64A9029D3C77}.Release|iPhone.ActiveCfg = Release|Any CPU
		{10997E9D-0B88-40E1-8CF5-64A9029D3C77}.Release|iPhone.Build.0 = Release|Any CPU
		{10997E9D-0B88-40E1-8CF5-64A9029D3C77}.Release|iPhoneSimulator.ActiveCfg = Release|Any CPU
		{10997E9D-0B88-40E1-8CF5-64A9029D3C77}.Release|iPhoneSimulator.Build.0 = Release|Any CPU
		{10997E9D-0B88-40E1-8CF5-64A9029D3C77}.Release|x64.ActiveCfg = Release|Any CPU
		{10997E9D-0B88-40E1-8CF5-64A9029D3C77}.Release|x64.Build.0 = Release|Any CPU
		{10997E9D-0B88-40E1-8CF5-64A9029D3C77}.Release|x86.ActiveCfg = Release|Any CPU
		{10997E9D-0B88-40E1-8CF5-64A9029D3C77}.Release|x86.Build.0 = Release|Any CPU
		{321B6235-4716-49DA-BC88-BECE4E3B9A51}.Debug|Any CPU.ActiveCfg = Debug|Any CPU
		{321B6235-4716-49DA-BC88-BECE4E3B9A51}.Debug|Any CPU.Build.0 = Debug|Any CPU
		{321B6235-4716-49DA-BC88-BECE4E3B9A51}.Debug|ARM.ActiveCfg = Debug|Any CPU
		{321B6235-4716-49DA-BC88-BECE4E3B9A51}.Debug|ARM.Build.0 = Debug|Any CPU
		{321B6235-4716-49DA-BC88-BECE4E3B9A51}.Debug|ARM64.ActiveCfg = Debug|Any CPU
		{321B6235-4716-49DA-BC88-BECE4E3B9A51}.Debug|ARM64.Build.0 = Debug|Any CPU
		{321B6235-4716-49DA-BC88-BECE4E3B9A51}.Debug|iPhone.ActiveCfg = Debug|Any CPU
		{321B6235-4716-49DA-BC88-BECE4E3B9A51}.Debug|iPhone.Build.0 = Debug|Any CPU
		{321B6235-4716-49DA-BC88-BECE4E3B9A51}.Debug|iPhoneSimulator.ActiveCfg = Debug|Any CPU
		{321B6235-4716-49DA-BC88-BECE4E3B9A51}.Debug|iPhoneSimulator.Build.0 = Debug|Any CPU
		{321B6235-4716-49DA-BC88-BECE4E3B9A51}.Debug|x64.ActiveCfg = Debug|Any CPU
		{321B6235-4716-49DA-BC88-BECE4E3B9A51}.Debug|x64.Build.0 = Debug|Any CPU
		{321B6235-4716-49DA-BC88-BECE4E3B9A51}.Debug|x86.ActiveCfg = Debug|Any CPU
		{321B6235-4716-49DA-BC88-BECE4E3B9A51}.Debug|x86.Build.0 = Debug|Any CPU
		{321B6235-4716-49DA-BC88-BECE4E3B9A51}.Release|Any CPU.ActiveCfg = Release|Any CPU
		{321B6235-4716-49DA-BC88-BECE4E3B9A51}.Release|Any CPU.Build.0 = Release|Any CPU
		{321B6235-4716-49DA-BC88-BECE4E3B9A51}.Release|ARM.ActiveCfg = Release|Any CPU
		{321B6235-4716-49DA-BC88-BECE4E3B9A51}.Release|ARM.Build.0 = Release|Any CPU
		{321B6235-4716-49DA-BC88-BECE4E3B9A51}.Release|ARM64.ActiveCfg = Release|Any CPU
		{321B6235-4716-49DA-BC88-BECE4E3B9A51}.Release|ARM64.Build.0 = Release|Any CPU
		{321B6235-4716-49DA-BC88-BECE4E3B9A51}.Release|iPhone.ActiveCfg = Release|Any CPU
		{321B6235-4716-49DA-BC88-BECE4E3B9A51}.Release|iPhone.Build.0 = Release|Any CPU
		{321B6235-4716-49DA-BC88-BECE4E3B9A51}.Release|iPhoneSimulator.ActiveCfg = Release|Any CPU
		{321B6235-4716-49DA-BC88-BECE4E3B9A51}.Release|iPhoneSimulator.Build.0 = Release|Any CPU
		{321B6235-4716-49DA-BC88-BECE4E3B9A51}.Release|x64.ActiveCfg = Release|Any CPU
		{321B6235-4716-49DA-BC88-BECE4E3B9A51}.Release|x64.Build.0 = Release|Any CPU
		{321B6235-4716-49DA-BC88-BECE4E3B9A51}.Release|x86.ActiveCfg = Release|Any CPU
		{321B6235-4716-49DA-BC88-BECE4E3B9A51}.Release|x86.Build.0 = Release|Any CPU
	EndGlobalSection
	GlobalSection(SolutionProperties) = preSolution
		HideSolutionNode = FALSE
	EndGlobalSection
	GlobalSection(NestedProjects) = preSolution
	EndGlobalSection
	GlobalSection(ExtensibilityGlobals) = postSolution
		SolutionGuid = {81F45149-DAB0-4471-B7B7-9DFE340851E6}
	EndGlobalSection
EndGlobal
